
Microsoft Visual Studio Solution File, Format Version 12.00
# Visual Studio Version 16
VisualStudioVersion = 16.0.29102.190
MinimumVisualStudioVersion = 10.0.40219.1
Project("{9A19103F-16F7-4668-BE54-9A1E7A4F7556}") = "DeathStar2.Data", "DeathStar2.Data\DeathStar2.Data.csproj", "{F9E9AD48-7BB1-40FA-9743-278F85E3D6A9}"
EndProject
Project("{9A19103F-16F7-4668-BE54-9A1E7A4F7556}") = "DeathStar2.Data.Contracts", "DeathStar2.Data.Contracts\DeathStar2.Data.Contracts.csproj", "{BB383C8E-009B-4E66-BF18-D97C8B6A3260}"
EndProject
Project("{9A19103F-16F7-4668-BE54-9A1E7A4F7556}") = "DeathStar2.Model", "DeathStar2.Model\DeathStar2.Model.csproj", "{90F56695-A741-4B16-AB52-8BC119C6E0C2}"
EndProject
Project("{9A19103F-16F7-4668-BE54-9A1E7A4F7556}") = "DeathStar2.Services.Contracts", "DeathStar2.Services.Contracts\DeathStar2.Services.Contracts.csproj", "{C8A8F3D4-4D1F-4CBC-9337-C91D76C886E2}"
EndProject
Project("{9A19103F-16F7-4668-BE54-9A1E7A4F7556}") = "DeathStar2.Api", "DeathStar2.Api\DeathStar2.Api.csproj", "{BDDC8A85-11A6-478E-A358-568295660DAF}"
EndProject
Project("{9A19103F-16F7-4668-BE54-9A1E7A4F7556}") = "DeathStar2.Services", "DeathStar2.Services\DeathStar2.Services.csproj", "{E3D6947A-8731-4E8C-8B23-8B4B1C12E477}"
EndProject
Project("{9A19103F-16F7-4668-BE54-9A1E7A4F7556}") = "DeathStar2.Tests", "DeathStar2.Tests\DeathStar2.Tests.csproj", "{570EF6D1-E78F-44E9-936A-2263CF165698}"
EndProject
Global
	GlobalSection(SolutionConfigurationPlatforms) = preSolution
		Debug|Any CPU = Debug|Any CPU
		Release|Any CPU = Release|Any CPU
	EndGlobalSection
	GlobalSection(ProjectConfigurationPlatforms) = postSolution
		{F9E9AD48-7BB1-40FA-9743-278F85E3D6A9}.Debug|Any CPU.ActiveCfg = Debug|Any CPU
		{F9E9AD48-7BB1-40FA-9743-278F85E3D6A9}.Debug|Any CPU.Build.0 = Debug|Any CPU
		{F9E9AD48-7BB1-40FA-9743-278F85E3D6A9}.Release|Any CPU.ActiveCfg = Release|Any CPU
		{F9E9AD48-7BB1-40FA-9743-278F85E3D6A9}.Release|Any CPU.Build.0 = Release|Any CPU
		{BB383C8E-009B-4E66-BF18-D97C8B6A3260}.Debug|Any CPU.ActiveCfg = Debug|Any CPU
		{BB383C8E-009B-4E66-BF18-D97C8B6A3260}.Debug|Any CPU.Build.0 = Debug|Any CPU
		{BB383C8E-009B-4E66-BF18-D97C8B6A3260}.Release|Any CPU.ActiveCfg = Release|Any CPU
		{BB383C8E-009B-4E66-BF18-D97C8B6A3260}.Release|Any CPU.Build.0 = Release|Any CPU
		{90F56695-A741-4B16-AB52-8BC119C6E0C2}.Debug|Any CPU.ActiveCfg = Debug|Any CPU
		{90F56695-A741-4B16-AB52-8BC119C6E0C2}.Debug|Any CPU.Build.0 = Debug|Any CPU
		{90F56695-A741-4B16-AB52-8BC119C6E0C2}.Release|Any CPU.ActiveCfg = Release|Any CPU
		{90F56695-A741-4B16-AB52-8BC119C6E0C2}.Release|Any CPU.Build.0 = Release|Any CPU
		{C8A8F3D4-4D1F-4CBC-9337-C91D76C886E2}.Debug|Any CPU.ActiveCfg = Debug|Any CPU
		{C8A8F3D4-4D1F-4CBC-9337-C91D76C886E2}.Debug|Any CPU.Build.0 = Debug|Any CPU
		{C8A8F3D4-4D1F-4CBC-9337-C91D76C886E2}.Release|Any CPU.ActiveCfg = Release|Any CPU
		{C8A8F3D4-4D1F-4CBC-9337-C91D76C886E2}.Release|Any CPU.Build.0 = Release|Any CPU
		{BDDC8A85-11A6-478E-A358-568295660DAF}.Debug|Any CPU.ActiveCfg = Debug|Any CPU
		{BDDC8A85-11A6-478E-A358-568295660DAF}.Debug|Any CPU.Build.0 = Debug|Any CPU
		{BDDC8A85-11A6-478E-A358-568295660DAF}.Release|Any CPU.ActiveCfg = Release|Any CPU
		{BDDC8A85-11A6-478E-A358-568295660DAF}.Release|Any CPU.Build.0 = Release|Any CPU
		{E3D6947A-8731-4E8C-8B23-8B4B1C12E477}.Debug|Any CPU.ActiveCfg = Debug|Any CPU
		{E3D6947A-8731-4E8C-8B23-8B4B1C12E477}.Debug|Any CPU.Build.0 = Debug|Any CPU
		{E3D6947A-8731-4E8C-8B23-8B4B1C12E477}.Release|Any CPU.ActiveCfg = Release|Any CPU
		{E3D6947A-8731-4E8C-8B23-8B4B1C12E477}.Release|Any CPU.Build.0 = Release|Any CPU
		{570EF6D1-E78F-44E9-936A-2263CF165698}.Debug|Any CPU.ActiveCfg = Debug|Any CPU
		{570EF6D1-E78F-44E9-936A-2263CF165698}.Debug|Any CPU.Build.0 = Debug|Any CPU
		{570EF6D1-E78F-44E9-936A-2263CF165698}.Release|Any CPU.ActiveCfg = Release|Any CPU
		{570EF6D1-E78F-44E9-936A-2263CF165698}.Release|Any CPU.Build.0 = Release|Any CPU
	EndGlobalSection
	GlobalSection(SolutionProperties) = preSolution
		HideSolutionNode = FALSE
	EndGlobalSection
	GlobalSection(ExtensibilityGlobals) = postSolution
		SolutionGuid = {3CF8FBAF-82A3-4CE4-B576-C0435B1FD8AA}
	EndGlobalSection
EndGlobal
